
Microsoft Visual Studio Solution File, Format Version 12.00
# Visual Studio Version 16
VisualStudioVersion = 16.0.30128.74
MinimumVisualStudioVersion = 10.0.40219.1
Project("{FAE04EC0-301F-11D3-BF4B-00C04F79EFBC}") = "GetPlanetNameByID", "GetPlanetNameByID\GetPlanetNameByID.csproj", "{77324F32-A583-469A-8CD2-32DFAFA1B52E}"
EndProject
Project("{FAE04EC0-301F-11D3-BF4B-00C04F79EFBC}") = "SumOfPositive", "SumOfPositive\SumOfPositive.csproj", "{8E2051A8-A33D-4802-ACC9-5D12763673F0}"
EndProject
Project("{FAE04EC0-301F-11D3-BF4B-00C04F79EFBC}") = "RejectIntArray", "RejectIntArray\RejectIntArray.csproj", "{75A2FB75-8595-45F7-854F-1258670D5853}"
EndProject
Project("{FAE04EC0-301F-11D3-BF4B-00C04F79EFBC}") = "LargestSum", "LargestSum\LargestSum.csproj", "{29A26839-0DA2-4921-A5A0-FCBE08CDC175}"
EndProject
Project("{FAE04EC0-301F-11D3-BF4B-00C04F79EFBC}") = "InterviewQuestion", "InterviewQuestion\InterviewQuestion.csproj", "{8B59741B-FF4C-4BA4-9BB4-DA7FA03D5413}"
EndProject
Project("{FAE04EC0-301F-11D3-BF4B-00C04F79EFBC}") = "BalancedNumber", "BalancedNumber\BalancedNumber.csproj", "{425FF48F-45D7-43A5-ABCE-114E4466B1FC}"
EndProject
Project("{FAE04EC0-301F-11D3-BF4B-00C04F79EFBC}") = "ElementParity", "ElementParity\ElementParity.csproj", "{2647FBFA-C6E9-42D8-A839-462533DD21EA}"
EndProject
Project("{FAE04EC0-301F-11D3-BF4B-00C04F79EFBC}") = "Tests", "Tests\Tests.csproj", "{EC8AD516-14A6-4350-BD69-E294343235D0}"
EndProject
Project("{FAE04EC0-301F-11D3-BF4B-00C04F79EFBC}") = "CompleteSeries", "CompleteSeries\CompleteSeries.csproj", "{42BAE599-4461-4702-92DA-14373FC6D73F}"
EndProject
Project("{FAE04EC0-301F-11D3-BF4B-00C04F79EFBC}") = "LargestNumber", "LargestNumber\LargestNumber.csproj", "{D3558E5D-4369-4670-AD71-F5E077318543}"
EndProject
Project("{FAE04EC0-301F-11D3-BF4B-00C04F79EFBC}") = "SearchForLetters", "SearchForLetters\SearchForLetters.csproj", "{DA7E5248-791D-4EE1-89C9-92A5DBCF150A}"
EndProject
Project("{FAE04EC0-301F-11D3-BF4B-00C04F79EFBC}") = "HowManyKatas", "HowManyKatas\HowManyKatas.csproj", "{3D3EF056-D80F-4DA2-8B77-180BAD9E75E8}"
EndProject
Project("{FAE04EC0-301F-11D3-BF4B-00C04F79EFBC}") = "NextMultipleOfFive", "NextMultipleOfFive\NextMultipleOfFive.csproj", "{7B4E81BC-68C3-4235-9B64-F9ACEE156D2D}"
EndProject
Project("{FAE04EC0-301F-11D3-BF4B-00C04F79EFBC}") = "HistogramData", "HistogramData\HistogramData.csproj", "{9911FAD6-2578-485E-8E59-DFDCCA005B53}"
EndProject
Project("{FAE04EC0-301F-11D3-BF4B-00C04F79EFBC}") = "NumberOfMultiples", "NumberOfMultiples\NumberOfMultiples.csproj", "{8EE06B54-28A7-460B-8773-F587986D1361}"
EndProject
Project("{FAE04EC0-301F-11D3-BF4B-00C04F79EFBC}") = "SplitInParts", "SplitInParts\SplitInParts.csproj", "{781E7328-D790-4444-85F3-ECCC8B9A1471}"
EndProject
Project("{FAE04EC0-301F-11D3-BF4B-00C04F79EFBC}") = "MaxDiffLength", "MaxDiffLength\MaxDiffLength.csproj", "{4C92093A-8FC7-42C9-93D1-B1C7AC7C26F0}"
EndProject
Project("{FAE04EC0-301F-11D3-BF4B-00C04F79EFBC}") = "MostValuable", "MostValuable\MostValuable.csproj", "{8CC8B045-8678-4B5C-8D33-BF1DA1C0F15E}"
EndProject
Project("{FAE04EC0-301F-11D3-BF4B-00C04F79EFBC}") = "FindTheParityOutlier", "FindTheParityOutlier\FindTheParityOutlier.csproj", "{C3AFC257-5307-44AC-91A7-B577E1092005}"
EndProject
Project("{FAE04EC0-301F-11D3-BF4B-00C04F79EFBC}") = "PositiveToNegativeBinary", "PositiveToNegativeBinary\PositiveToNegativeBinary.csproj", "{EF14D593-6A34-4CA5-B514-F3095FEAA072}"
EndProject
Project("{FAE04EC0-301F-11D3-BF4B-00C04F79EFBC}") = "SubArraySum", "SubArraySum\SubArraySum.csproj", "{F4FF73E8-BBC2-4416-BAE3-9474B3C38456}"
EndProject
Project("{FAE04EC0-301F-11D3-BF4B-00C04F79EFBC}") = "SumofOddCubedNumbers", "SumofOddCubedNumbers\SumofOddCubedNumbers.csproj", "{4C37AABF-28EF-425F-8631-14ACF493C0F0}"
EndProject
Project("{FAE04EC0-301F-11D3-BF4B-00C04F79EFBC}") = "ArrayComparator", "ArrayComparator\ArrayComparator.csproj", "{CA36F3B5-29B2-48EE-B7F3-A894AA172E1A}"
EndProject
Project("{FAE04EC0-301F-11D3-BF4B-00C04F79EFBC}") = "FIndTheMine", "FIndTheMine\FIndTheMine.csproj", "{F0FEDAA8-79E8-4A17-A0F0-61C223FE3296}"
EndProject
Project("{FAE04EC0-301F-11D3-BF4B-00C04F79EFBC}") = "ConsecutiveStrings", "ConsecutiveStrings\ConsecutiveStrings.csproj", "{5D71244B-9B70-4CEA-93E3-B251C3E54153}"
EndProject
Project("{FAE04EC0-301F-11D3-BF4B-00C04F79EFBC}") = "Snail", "Snail\Snail.csproj", "{F337B340-29B0-41BE-83AB-71966A99A57A}"
EndProject
Project("{FAE04EC0-301F-11D3-BF4B-00C04F79EFBC}") = "MaxDiffEasy", "MaxDiffEasy\MaxDiffEasy.csproj", "{75E3BE26-84D6-4EDC-B192-01183E3B00A8}"
EndProject
Project("{FAE04EC0-301F-11D3-BF4B-00C04F79EFBC}") = "Meeting", "Meeting\Meeting.csproj", "{0F30238A-5D5E-4449-A7E5-7832FB1674CF}"
EndProject
Project("{FAE04EC0-301F-11D3-BF4B-00C04F79EFBC}") = "ConsecutiveLetters", "ConsecutiveLetters\ConsecutiveLetters.csproj", "{2893E6AA-71B2-497A-A3A1-F4525763847F}"
EndProject
Project("{FAE04EC0-301F-11D3-BF4B-00C04F79EFBC}") = "NotVerySecure", "NotVerySecure\NotVerySecure.csproj", "{69BA6B32-384D-4357-B837-26D265FF59A3}"
EndProject
Project("{FAE04EC0-301F-11D3-BF4B-00C04F79EFBC}") = "LongestChar", "LongestChar\LongestChar.csproj", "{0B58755A-56A4-4255-BEB0-2BE3EF8BAEE6}"
EndProject
Project("{FAE04EC0-301F-11D3-BF4B-00C04F79EFBC}") = "SumConsecutives", "SumConsecutives\SumConsecutives.csproj", "{318B3317-62A9-42A8-8004-5F465AEF5255}"
EndProject
Project("{FAE04EC0-301F-11D3-BF4B-00C04F79EFBC}") = "Easy", "Easy\Easy.csproj", "{D413A7E4-F2B1-4462-8944-AD6E1E8DB1E1}"
EndProject
Project("{FAE04EC0-301F-11D3-BF4B-00C04F79EFBC}") = "SimpleFrequencySort", "SimpleFrequencySort\SimpleFrequencySort.csproj", "{283BD97B-25BF-45D2-B726-64212ABB9197}"
EndProject
Project("{FAE04EC0-301F-11D3-BF4B-00C04F79EFBC}") = "SumStringsAsNumbers", "SumStringsAsNumbers\SumStringsAsNumbers.csproj", "{2572E011-F60A-4007-863C-72FC60E69E93}"
EndProject
Project("{FAE04EC0-301F-11D3-BF4B-00C04F79EFBC}") = "Int32ToIPv4", "Int32ToIPv4\Int32ToIPv4.csproj", "{A1E5FC59-4F7D-45DC-8F2A-C616746150F0}"
EndProject
Project("{FAE04EC0-301F-11D3-BF4B-00C04F79EFBC}") = "SingleCharacterPalindromes", "SingleCharacterPalindromes\SingleCharacterPalindromes.csproj", "{055FB41E-D4CD-4B40-BB45-1CF696E0909D}"
EndProject
Project("{FAE04EC0-301F-11D3-BF4B-00C04F79EFBC}") = "SimpleAssemblerInterpreter", "SimpleAssemblerInterpreter\SimpleAssemblerInterpreter.csproj", "{33245926-A568-47B4-A978-236ED52108F9}"
EndProject
Project("{FAE04EC0-301F-11D3-BF4B-00C04F79EFBC}") = "CountIPAddresses", "CountIPAddresses\CountIPAddresses.csproj", "{C298EADD-0C11-47FF-9B9E-B51A635BDB62}"
EndProject
Project("{FAE04EC0-301F-11D3-BF4B-00C04F79EFBC}") = "Dubstep", "Dubstep\Dubstep.csproj", "{AE6A8DD9-4CF6-4432-91A3-297D41D99959}"
EndProject
Project("{FAE04EC0-301F-11D3-BF4B-00C04F79EFBC}") = "MexicanWave", "MexicanWave\MexicanWave.csproj", "{F61A2ABA-089C-463D-A556-682DB6C03AB6}"
EndProject
Project("{FAE04EC0-301F-11D3-BF4B-00C04F79EFBC}") = "SumsOfParts", "SumsOfParts\SumsOfParts.csproj", "{3B21BC86-BCAC-4FCE-9310-085A7E4136D0}"
EndProject
Project("{FAE04EC0-301F-11D3-BF4B-00C04F79EFBC}") = "MultiplesOf3Or5", "MultiplesOf3Or5\MultiplesOf3Or5.csproj", "{8C9B7E39-A953-44ED-8CB3-BF15677DA2BC}"
EndProject
Project("{FAE04EC0-301F-11D3-BF4B-00C04F79EFBC}") = "PersistentBugger", "PersistentBugger\PersistentBugger.csproj", "{F55A7C55-23D7-4003-8141-4DA577F1B42B}"
EndProject
Project("{FAE04EC0-301F-11D3-BF4B-00C04F79EFBC}") = "SimplePigLatin", "SimplePigLatin\SimplePigLatin.csproj", "{36CCDFE0-4107-470B-989B-AF5DE8201BB2}"
EndProject
Project("{FAE04EC0-301F-11D3-BF4B-00C04F79EFBC}") = "SpinWords", "SpinWords\SpinWords.csproj", "{1F62DDD9-F14F-4B96-BDB4-E2246C1DF7E2}"
EndProject
Project("{FAE04EC0-301F-11D3-BF4B-00C04F79EFBC}") = "WhoLikesIt", "WhoLikesIt\WhoLikesIt.csproj", "{7E56903A-875F-4527-8C5D-662009F53C27}"
EndProject
Project("{FAE04EC0-301F-11D3-BF4B-00C04F79EFBC}") = "Order", "Order\Order.csproj", "{76FAB928-3BC2-41E4-8AE6-E25787BDFC95}"
EndProject
Project("{FAE04EC0-301F-11D3-BF4B-00C04F79EFBC}") = "IQTest", "IQTest\IQTest.csproj", "{65C2DE63-18D3-4B8C-8A54-8A470CFEB9BF}"
EndProject
Project("{FAE04EC0-301F-11D3-BF4B-00C04F79EFBC}") = "UniqueInOrder", "UniqueInOrder\UniqueInOrder.csproj", "{67DFE916-FED7-42BD-8D36-1CA88D43D18B}"
EndProject
Project("{FAE04EC0-301F-11D3-BF4B-00C04F79EFBC}") = "VasyaClerk", "Vasya Clerk\VasyaClerk.csproj", "{65223DD0-670F-49B0-A112-486A09FD11CF}"
EndProject
Project("{FAE04EC0-301F-11D3-BF4B-00C04F79EFBC}") = "TheSupermarketQueue", "TheSupermarketQueue\TheSupermarketQueue.csproj", "{7FE48D9B-4D0E-4405-B19F-0038368BB52E}"
EndProject
Project("{FAE04EC0-301F-11D3-BF4B-00C04F79EFBC}") = "CreatePhoneNumber", "CreatePhoneNumber\CreatePhoneNumber.csproj", "{9D6CB512-7C85-47A8-A928-949C7A029F2C}"
EndProject
Project("{FAE04EC0-301F-11D3-BF4B-00C04F79EFBC}") = "NextBiggerNumber", "NextBiggerNumber\NextBiggerNumber.csproj", "{0DBA07F5-FB92-43EC-867D-E91BFB638DD9}"
EndProject
Project("{FAE04EC0-301F-11D3-BF4B-00C04F79EFBC}") = "AreTheySame", "AreTheySame\AreTheySame.csproj", "{FF65347A-2B68-48FC-90CC-F9DBC1249FC5}"
EndProject
Project("{FAE04EC0-301F-11D3-BF4B-00C04F79EFBC}") = "SortTheOdd", "SortTheOdd\SortTheOdd.csproj", "{A7A49249-2DDD-41F7-B957-8039BACF78EE}"
EndProject
Project("{FAE04EC0-301F-11D3-BF4B-00C04F79EFBC}") = "RomanNumeralsDecoder", "RomanNumeralsDecoder\RomanNumeralsDecoder.csproj", "{BDF46A83-C55A-4254-BD4F-8238051C1022}"
EndProject
Project("{FAE04EC0-301F-11D3-BF4B-00C04F79EFBC}") = "RomanNumeralsEncoder", "RomanNumeralsEncoder\RomanNumeralsEncoder.csproj", "{FE7201F1-00F1-4069-9807-5A82D84A7907}"
EndProject
Project("{FAE04EC0-301F-11D3-BF4B-00C04F79EFBC}") = "ArrayDuplicates", "ArrayDuplicates\ArrayDuplicates.csproj", "{3B4B7E93-03A6-4F4B-985A-E4A3A80676E5}"
EndProject
Project("{FAE04EC0-301F-11D3-BF4B-00C04F79EFBC}") = "Physics", "Physics\Physics.csproj", "{54B6A750-E87A-4FFD-B78A-213E0098C0AB}"
EndProject
Project("{FAE04EC0-301F-11D3-BF4B-00C04F79EFBC}") = "MostFrequentWeekdays", "MostFrequentWeekdays\MostFrequentWeekdays.csproj", "{250EFCCD-5A17-486C-8729-6E8C14F8DE08}"
EndProject
Project("{FAE04EC0-301F-11D3-BF4B-00C04F79EFBC}") = "NumbersInStrings", "NumbersInStrings\NumbersInStrings.csproj", "{876D1774-A0FF-4D0C-A214-A02BCC9A3AD5}"
EndProject
Project("{FAE04EC0-301F-11D3-BF4B-00C04F79EFBC}") = "MaxMinArrays", "MaxMinArrays\MaxMinArrays.csproj", "{73E259E8-7A49-4C40-934B-3DC8CD1F9DA5}"
EndProject
Project("{FAE04EC0-301F-11D3-BF4B-00C04F79EFBC}") = "ValidParentheses", "ValidParentheses\ValidParentheses.csproj", "{7CABAE2C-DC01-4731-9F62-45E3F80DAE1A}"
EndProject
Project("{FAE04EC0-301F-11D3-BF4B-00C04F79EFBC}") = "MovingZerosToTheEnd", "MovingZerosToTheEnd\MovingZerosToTheEnd.csproj", "{6BE68635-F8FF-4AF7-82CB-459EE0C985B7}"
EndProject
Project("{FAE04EC0-301F-11D3-BF4B-00C04F79EFBC}") = "DoubleCola", "DoubleCola\DoubleCola.csproj", "{8E15EE2A-67B7-4661-86B7-51A19815F24C}"
EndProject
Project("{FAE04EC0-301F-11D3-BF4B-00C04F79EFBC}") = "MergedStringChecker", "MergedStringChecker\MergedStringChecker.csproj", "{88A6A3B6-0AC4-47A5-BE5C-04B833C2BD90}"
EndProject
Project("{FAE04EC0-301F-11D3-BF4B-00C04F79EFBC}") = "TicTacToeChecker", "TicTacToeChecker\TicTacToeChecker.csproj", "{8EDD995E-B9BC-4B0F-88E0-111E62DD64FC}"
EndProject
Project("{FAE04EC0-301F-11D3-BF4B-00C04F79EFBC}") = "PhoneDirectory", "PhoneDirectory\PhoneDirectory.csproj", "{B17749D1-632A-4ED8-8B2B-1B6D770D580B}"
EndProject
Project("{FAE04EC0-301F-11D3-BF4B-00C04F79EFBC}") = "Base64Encoding", "Base64Encoding\Base64Encoding.csproj", "{55409B1D-1C64-4BC0-8A70-21F03AC6B718}"
EndProject
Project("{FAE04EC0-301F-11D3-BF4B-00C04F79EFBC}") = "ROT13", "ROT13\ROT13.csproj", "{0F2C5FEE-6594-40C1-A96B-71ACAF2C980D}"
EndProject
Project("{FAE04EC0-301F-11D3-BF4B-00C04F79EFBC}") = "LazyRepeater", "LazyRepeater\LazyRepeater.csproj", "{E015C7C2-6EC1-439A-94DC-A4BDD14C0219}"
EndProject
Project("{FAE04EC0-301F-11D3-BF4B-00C04F79EFBC}") = "MatrixAddition", "MatrixAddition\MatrixAddition.csproj", "{18B2E93B-379B-4D9D-932A-BF3BC4627C01}"
EndProject
Project("{FAE04EC0-301F-11D3-BF4B-00C04F79EFBC}") = "IPv6Parsing", "IPv6Parsing\IPv6Parsing.csproj", "{92C07203-7A73-4522-8F15-320045DB12FF}"
EndProject
Project("{FAE04EC0-301F-11D3-BF4B-00C04F79EFBC}") = "UrisSort", "UrisSort\UrisSort.csproj", "{4DDF47C0-F9C8-48C7-9AD5-C93FD438A8C2}"
EndProject
Global
	GlobalSection(SolutionConfigurationPlatforms) = preSolution
		Debug|Any CPU = Debug|Any CPU
		Release|Any CPU = Release|Any CPU
	EndGlobalSection
	GlobalSection(ProjectConfigurationPlatforms) = postSolution
		{77324F32-A583-469A-8CD2-32DFAFA1B52E}.Debug|Any CPU.ActiveCfg = Debug|Any CPU
		{77324F32-A583-469A-8CD2-32DFAFA1B52E}.Debug|Any CPU.Build.0 = Debug|Any CPU
		{77324F32-A583-469A-8CD2-32DFAFA1B52E}.Release|Any CPU.ActiveCfg = Release|Any CPU
		{77324F32-A583-469A-8CD2-32DFAFA1B52E}.Release|Any CPU.Build.0 = Release|Any CPU
		{8E2051A8-A33D-4802-ACC9-5D12763673F0}.Debug|Any CPU.ActiveCfg = Debug|Any CPU
		{8E2051A8-A33D-4802-ACC9-5D12763673F0}.Debug|Any CPU.Build.0 = Debug|Any CPU
		{8E2051A8-A33D-4802-ACC9-5D12763673F0}.Release|Any CPU.ActiveCfg = Release|Any CPU
		{8E2051A8-A33D-4802-ACC9-5D12763673F0}.Release|Any CPU.Build.0 = Release|Any CPU
		{75A2FB75-8595-45F7-854F-1258670D5853}.Debug|Any CPU.ActiveCfg = Debug|Any CPU
		{75A2FB75-8595-45F7-854F-1258670D5853}.Debug|Any CPU.Build.0 = Debug|Any CPU
		{75A2FB75-8595-45F7-854F-1258670D5853}.Release|Any CPU.ActiveCfg = Release|Any CPU
		{75A2FB75-8595-45F7-854F-1258670D5853}.Release|Any CPU.Build.0 = Release|Any CPU
		{29A26839-0DA2-4921-A5A0-FCBE08CDC175}.Debug|Any CPU.ActiveCfg = Debug|Any CPU
		{29A26839-0DA2-4921-A5A0-FCBE08CDC175}.Debug|Any CPU.Build.0 = Debug|Any CPU
		{29A26839-0DA2-4921-A5A0-FCBE08CDC175}.Release|Any CPU.ActiveCfg = Release|Any CPU
		{29A26839-0DA2-4921-A5A0-FCBE08CDC175}.Release|Any CPU.Build.0 = Release|Any CPU
		{8B59741B-FF4C-4BA4-9BB4-DA7FA03D5413}.Debug|Any CPU.ActiveCfg = Debug|Any CPU
		{8B59741B-FF4C-4BA4-9BB4-DA7FA03D5413}.Debug|Any CPU.Build.0 = Debug|Any CPU
		{8B59741B-FF4C-4BA4-9BB4-DA7FA03D5413}.Release|Any CPU.ActiveCfg = Release|Any CPU
		{8B59741B-FF4C-4BA4-9BB4-DA7FA03D5413}.Release|Any CPU.Build.0 = Release|Any CPU
		{425FF48F-45D7-43A5-ABCE-114E4466B1FC}.Debug|Any CPU.ActiveCfg = Debug|Any CPU
		{425FF48F-45D7-43A5-ABCE-114E4466B1FC}.Debug|Any CPU.Build.0 = Debug|Any CPU
		{425FF48F-45D7-43A5-ABCE-114E4466B1FC}.Release|Any CPU.ActiveCfg = Release|Any CPU
		{425FF48F-45D7-43A5-ABCE-114E4466B1FC}.Release|Any CPU.Build.0 = Release|Any CPU
		{2647FBFA-C6E9-42D8-A839-462533DD21EA}.Debug|Any CPU.ActiveCfg = Debug|Any CPU
		{2647FBFA-C6E9-42D8-A839-462533DD21EA}.Debug|Any CPU.Build.0 = Debug|Any CPU
		{2647FBFA-C6E9-42D8-A839-462533DD21EA}.Release|Any CPU.ActiveCfg = Release|Any CPU
		{2647FBFA-C6E9-42D8-A839-462533DD21EA}.Release|Any CPU.Build.0 = Release|Any CPU
		{EC8AD516-14A6-4350-BD69-E294343235D0}.Debug|Any CPU.ActiveCfg = Debug|Any CPU
		{EC8AD516-14A6-4350-BD69-E294343235D0}.Debug|Any CPU.Build.0 = Debug|Any CPU
		{EC8AD516-14A6-4350-BD69-E294343235D0}.Release|Any CPU.ActiveCfg = Release|Any CPU
		{EC8AD516-14A6-4350-BD69-E294343235D0}.Release|Any CPU.Build.0 = Release|Any CPU
		{42BAE599-4461-4702-92DA-14373FC6D73F}.Debug|Any CPU.ActiveCfg = Debug|Any CPU
		{42BAE599-4461-4702-92DA-14373FC6D73F}.Debug|Any CPU.Build.0 = Debug|Any CPU
		{42BAE599-4461-4702-92DA-14373FC6D73F}.Release|Any CPU.ActiveCfg = Release|Any CPU
		{42BAE599-4461-4702-92DA-14373FC6D73F}.Release|Any CPU.Build.0 = Release|Any CPU
		{D3558E5D-4369-4670-AD71-F5E077318543}.Debug|Any CPU.ActiveCfg = Debug|Any CPU
		{D3558E5D-4369-4670-AD71-F5E077318543}.Debug|Any CPU.Build.0 = Debug|Any CPU
		{D3558E5D-4369-4670-AD71-F5E077318543}.Release|Any CPU.ActiveCfg = Release|Any CPU
		{D3558E5D-4369-4670-AD71-F5E077318543}.Release|Any CPU.Build.0 = Release|Any CPU
		{DA7E5248-791D-4EE1-89C9-92A5DBCF150A}.Debug|Any CPU.ActiveCfg = Debug|Any CPU
		{DA7E5248-791D-4EE1-89C9-92A5DBCF150A}.Debug|Any CPU.Build.0 = Debug|Any CPU
		{DA7E5248-791D-4EE1-89C9-92A5DBCF150A}.Release|Any CPU.ActiveCfg = Release|Any CPU
		{DA7E5248-791D-4EE1-89C9-92A5DBCF150A}.Release|Any CPU.Build.0 = Release|Any CPU
		{3D3EF056-D80F-4DA2-8B77-180BAD9E75E8}.Debug|Any CPU.ActiveCfg = Debug|Any CPU
		{3D3EF056-D80F-4DA2-8B77-180BAD9E75E8}.Debug|Any CPU.Build.0 = Debug|Any CPU
		{3D3EF056-D80F-4DA2-8B77-180BAD9E75E8}.Release|Any CPU.ActiveCfg = Release|Any CPU
		{3D3EF056-D80F-4DA2-8B77-180BAD9E75E8}.Release|Any CPU.Build.0 = Release|Any CPU
		{7B4E81BC-68C3-4235-9B64-F9ACEE156D2D}.Debug|Any CPU.ActiveCfg = Debug|Any CPU
		{7B4E81BC-68C3-4235-9B64-F9ACEE156D2D}.Debug|Any CPU.Build.0 = Debug|Any CPU
		{7B4E81BC-68C3-4235-9B64-F9ACEE156D2D}.Release|Any CPU.ActiveCfg = Release|Any CPU
		{7B4E81BC-68C3-4235-9B64-F9ACEE156D2D}.Release|Any CPU.Build.0 = Release|Any CPU
		{9911FAD6-2578-485E-8E59-DFDCCA005B53}.Debug|Any CPU.ActiveCfg = Debug|Any CPU
		{9911FAD6-2578-485E-8E59-DFDCCA005B53}.Debug|Any CPU.Build.0 = Debug|Any CPU
		{9911FAD6-2578-485E-8E59-DFDCCA005B53}.Release|Any CPU.ActiveCfg = Release|Any CPU
		{9911FAD6-2578-485E-8E59-DFDCCA005B53}.Release|Any CPU.Build.0 = Release|Any CPU
		{8EE06B54-28A7-460B-8773-F587986D1361}.Debug|Any CPU.ActiveCfg = Debug|Any CPU
		{8EE06B54-28A7-460B-8773-F587986D1361}.Debug|Any CPU.Build.0 = Debug|Any CPU
		{8EE06B54-28A7-460B-8773-F587986D1361}.Release|Any CPU.ActiveCfg = Release|Any CPU
		{8EE06B54-28A7-460B-8773-F587986D1361}.Release|Any CPU.Build.0 = Release|Any CPU
		{781E7328-D790-4444-85F3-ECCC8B9A1471}.Debug|Any CPU.ActiveCfg = Debug|Any CPU
		{781E7328-D790-4444-85F3-ECCC8B9A1471}.Debug|Any CPU.Build.0 = Debug|Any CPU
		{781E7328-D790-4444-85F3-ECCC8B9A1471}.Release|Any CPU.ActiveCfg = Release|Any CPU
		{781E7328-D790-4444-85F3-ECCC8B9A1471}.Release|Any CPU.Build.0 = Release|Any CPU
		{4C92093A-8FC7-42C9-93D1-B1C7AC7C26F0}.Debug|Any CPU.ActiveCfg = Debug|Any CPU
		{4C92093A-8FC7-42C9-93D1-B1C7AC7C26F0}.Debug|Any CPU.Build.0 = Debug|Any CPU
		{4C92093A-8FC7-42C9-93D1-B1C7AC7C26F0}.Release|Any CPU.ActiveCfg = Release|Any CPU
		{4C92093A-8FC7-42C9-93D1-B1C7AC7C26F0}.Release|Any CPU.Build.0 = Release|Any CPU
		{8CC8B045-8678-4B5C-8D33-BF1DA1C0F15E}.Debug|Any CPU.ActiveCfg = Debug|Any CPU
		{8CC8B045-8678-4B5C-8D33-BF1DA1C0F15E}.Debug|Any CPU.Build.0 = Debug|Any CPU
		{8CC8B045-8678-4B5C-8D33-BF1DA1C0F15E}.Release|Any CPU.ActiveCfg = Release|Any CPU
		{8CC8B045-8678-4B5C-8D33-BF1DA1C0F15E}.Release|Any CPU.Build.0 = Release|Any CPU
		{C3AFC257-5307-44AC-91A7-B577E1092005}.Debug|Any CPU.ActiveCfg = Debug|Any CPU
		{C3AFC257-5307-44AC-91A7-B577E1092005}.Debug|Any CPU.Build.0 = Debug|Any CPU
		{C3AFC257-5307-44AC-91A7-B577E1092005}.Release|Any CPU.ActiveCfg = Release|Any CPU
		{C3AFC257-5307-44AC-91A7-B577E1092005}.Release|Any CPU.Build.0 = Release|Any CPU
		{EF14D593-6A34-4CA5-B514-F3095FEAA072}.Debug|Any CPU.ActiveCfg = Debug|Any CPU
		{EF14D593-6A34-4CA5-B514-F3095FEAA072}.Debug|Any CPU.Build.0 = Debug|Any CPU
		{EF14D593-6A34-4CA5-B514-F3095FEAA072}.Release|Any CPU.ActiveCfg = Release|Any CPU
		{EF14D593-6A34-4CA5-B514-F3095FEAA072}.Release|Any CPU.Build.0 = Release|Any CPU
		{F4FF73E8-BBC2-4416-BAE3-9474B3C38456}.Debug|Any CPU.ActiveCfg = Debug|Any CPU
		{F4FF73E8-BBC2-4416-BAE3-9474B3C38456}.Debug|Any CPU.Build.0 = Debug|Any CPU
		{F4FF73E8-BBC2-4416-BAE3-9474B3C38456}.Release|Any CPU.ActiveCfg = Release|Any CPU
		{F4FF73E8-BBC2-4416-BAE3-9474B3C38456}.Release|Any CPU.Build.0 = Release|Any CPU
		{4C37AABF-28EF-425F-8631-14ACF493C0F0}.Debug|Any CPU.ActiveCfg = Debug|Any CPU
		{4C37AABF-28EF-425F-8631-14ACF493C0F0}.Debug|Any CPU.Build.0 = Debug|Any CPU
		{4C37AABF-28EF-425F-8631-14ACF493C0F0}.Release|Any CPU.ActiveCfg = Release|Any CPU
		{4C37AABF-28EF-425F-8631-14ACF493C0F0}.Release|Any CPU.Build.0 = Release|Any CPU
		{CA36F3B5-29B2-48EE-B7F3-A894AA172E1A}.Debug|Any CPU.ActiveCfg = Debug|Any CPU
		{CA36F3B5-29B2-48EE-B7F3-A894AA172E1A}.Debug|Any CPU.Build.0 = Debug|Any CPU
		{CA36F3B5-29B2-48EE-B7F3-A894AA172E1A}.Release|Any CPU.ActiveCfg = Release|Any CPU
		{CA36F3B5-29B2-48EE-B7F3-A894AA172E1A}.Release|Any CPU.Build.0 = Release|Any CPU
		{F0FEDAA8-79E8-4A17-A0F0-61C223FE3296}.Debug|Any CPU.ActiveCfg = Debug|Any CPU
		{F0FEDAA8-79E8-4A17-A0F0-61C223FE3296}.Debug|Any CPU.Build.0 = Debug|Any CPU
		{F0FEDAA8-79E8-4A17-A0F0-61C223FE3296}.Release|Any CPU.ActiveCfg = Release|Any CPU
		{F0FEDAA8-79E8-4A17-A0F0-61C223FE3296}.Release|Any CPU.Build.0 = Release|Any CPU
		{5D71244B-9B70-4CEA-93E3-B251C3E54153}.Debug|Any CPU.ActiveCfg = Debug|Any CPU
		{5D71244B-9B70-4CEA-93E3-B251C3E54153}.Debug|Any CPU.Build.0 = Debug|Any CPU
		{5D71244B-9B70-4CEA-93E3-B251C3E54153}.Release|Any CPU.ActiveCfg = Release|Any CPU
		{5D71244B-9B70-4CEA-93E3-B251C3E54153}.Release|Any CPU.Build.0 = Release|Any CPU
		{F337B340-29B0-41BE-83AB-71966A99A57A}.Debug|Any CPU.ActiveCfg = Debug|Any CPU
		{F337B340-29B0-41BE-83AB-71966A99A57A}.Debug|Any CPU.Build.0 = Debug|Any CPU
		{F337B340-29B0-41BE-83AB-71966A99A57A}.Release|Any CPU.ActiveCfg = Release|Any CPU
		{F337B340-29B0-41BE-83AB-71966A99A57A}.Release|Any CPU.Build.0 = Release|Any CPU
		{75E3BE26-84D6-4EDC-B192-01183E3B00A8}.Debug|Any CPU.ActiveCfg = Debug|Any CPU
		{75E3BE26-84D6-4EDC-B192-01183E3B00A8}.Debug|Any CPU.Build.0 = Debug|Any CPU
		{75E3BE26-84D6-4EDC-B192-01183E3B00A8}.Release|Any CPU.ActiveCfg = Release|Any CPU
		{75E3BE26-84D6-4EDC-B192-01183E3B00A8}.Release|Any CPU.Build.0 = Release|Any CPU
		{0F30238A-5D5E-4449-A7E5-7832FB1674CF}.Debug|Any CPU.ActiveCfg = Debug|Any CPU
		{0F30238A-5D5E-4449-A7E5-7832FB1674CF}.Debug|Any CPU.Build.0 = Debug|Any CPU
		{0F30238A-5D5E-4449-A7E5-7832FB1674CF}.Release|Any CPU.ActiveCfg = Release|Any CPU
		{0F30238A-5D5E-4449-A7E5-7832FB1674CF}.Release|Any CPU.Build.0 = Release|Any CPU
		{2893E6AA-71B2-497A-A3A1-F4525763847F}.Debug|Any CPU.ActiveCfg = Debug|Any CPU
		{2893E6AA-71B2-497A-A3A1-F4525763847F}.Debug|Any CPU.Build.0 = Debug|Any CPU
		{2893E6AA-71B2-497A-A3A1-F4525763847F}.Release|Any CPU.ActiveCfg = Release|Any CPU
		{2893E6AA-71B2-497A-A3A1-F4525763847F}.Release|Any CPU.Build.0 = Release|Any CPU
		{69BA6B32-384D-4357-B837-26D265FF59A3}.Debug|Any CPU.ActiveCfg = Debug|Any CPU
		{69BA6B32-384D-4357-B837-26D265FF59A3}.Debug|Any CPU.Build.0 = Debug|Any CPU
		{69BA6B32-384D-4357-B837-26D265FF59A3}.Release|Any CPU.ActiveCfg = Release|Any CPU
		{69BA6B32-384D-4357-B837-26D265FF59A3}.Release|Any CPU.Build.0 = Release|Any CPU
		{0B58755A-56A4-4255-BEB0-2BE3EF8BAEE6}.Debug|Any CPU.ActiveCfg = Debug|Any CPU
		{0B58755A-56A4-4255-BEB0-2BE3EF8BAEE6}.Debug|Any CPU.Build.0 = Debug|Any CPU
		{0B58755A-56A4-4255-BEB0-2BE3EF8BAEE6}.Release|Any CPU.ActiveCfg = Release|Any CPU
		{0B58755A-56A4-4255-BEB0-2BE3EF8BAEE6}.Release|Any CPU.Build.0 = Release|Any CPU
		{318B3317-62A9-42A8-8004-5F465AEF5255}.Debug|Any CPU.ActiveCfg = Debug|Any CPU
		{318B3317-62A9-42A8-8004-5F465AEF5255}.Debug|Any CPU.Build.0 = Debug|Any CPU
		{318B3317-62A9-42A8-8004-5F465AEF5255}.Release|Any CPU.ActiveCfg = Release|Any CPU
		{318B3317-62A9-42A8-8004-5F465AEF5255}.Release|Any CPU.Build.0 = Release|Any CPU
		{D413A7E4-F2B1-4462-8944-AD6E1E8DB1E1}.Debug|Any CPU.ActiveCfg = Debug|Any CPU
		{D413A7E4-F2B1-4462-8944-AD6E1E8DB1E1}.Debug|Any CPU.Build.0 = Debug|Any CPU
		{D413A7E4-F2B1-4462-8944-AD6E1E8DB1E1}.Release|Any CPU.ActiveCfg = Release|Any CPU
		{D413A7E4-F2B1-4462-8944-AD6E1E8DB1E1}.Release|Any CPU.Build.0 = Release|Any CPU
		{283BD97B-25BF-45D2-B726-64212ABB9197}.Debug|Any CPU.ActiveCfg = Debug|Any CPU
		{283BD97B-25BF-45D2-B726-64212ABB9197}.Debug|Any CPU.Build.0 = Debug|Any CPU
		{283BD97B-25BF-45D2-B726-64212ABB9197}.Release|Any CPU.ActiveCfg = Release|Any CPU
		{283BD97B-25BF-45D2-B726-64212ABB9197}.Release|Any CPU.Build.0 = Release|Any CPU
		{2572E011-F60A-4007-863C-72FC60E69E93}.Debug|Any CPU.ActiveCfg = Debug|Any CPU
		{2572E011-F60A-4007-863C-72FC60E69E93}.Debug|Any CPU.Build.0 = Debug|Any CPU
		{2572E011-F60A-4007-863C-72FC60E69E93}.Release|Any CPU.ActiveCfg = Release|Any CPU
		{2572E011-F60A-4007-863C-72FC60E69E93}.Release|Any CPU.Build.0 = Release|Any CPU
		{A1E5FC59-4F7D-45DC-8F2A-C616746150F0}.Debug|Any CPU.ActiveCfg = Debug|Any CPU
		{A1E5FC59-4F7D-45DC-8F2A-C616746150F0}.Debug|Any CPU.Build.0 = Debug|Any CPU
		{A1E5FC59-4F7D-45DC-8F2A-C616746150F0}.Release|Any CPU.ActiveCfg = Release|Any CPU
		{A1E5FC59-4F7D-45DC-8F2A-C616746150F0}.Release|Any CPU.Build.0 = Release|Any CPU
		{055FB41E-D4CD-4B40-BB45-1CF696E0909D}.Debug|Any CPU.ActiveCfg = Debug|Any CPU
		{055FB41E-D4CD-4B40-BB45-1CF696E0909D}.Debug|Any CPU.Build.0 = Debug|Any CPU
		{055FB41E-D4CD-4B40-BB45-1CF696E0909D}.Release|Any CPU.ActiveCfg = Release|Any CPU
		{055FB41E-D4CD-4B40-BB45-1CF696E0909D}.Release|Any CPU.Build.0 = Release|Any CPU
		{33245926-A568-47B4-A978-236ED52108F9}.Debug|Any CPU.ActiveCfg = Debug|Any CPU
		{33245926-A568-47B4-A978-236ED52108F9}.Debug|Any CPU.Build.0 = Debug|Any CPU
		{33245926-A568-47B4-A978-236ED52108F9}.Release|Any CPU.ActiveCfg = Release|Any CPU
		{33245926-A568-47B4-A978-236ED52108F9}.Release|Any CPU.Build.0 = Release|Any CPU
		{C298EADD-0C11-47FF-9B9E-B51A635BDB62}.Debug|Any CPU.ActiveCfg = Debug|Any CPU
		{C298EADD-0C11-47FF-9B9E-B51A635BDB62}.Debug|Any CPU.Build.0 = Debug|Any CPU
		{C298EADD-0C11-47FF-9B9E-B51A635BDB62}.Release|Any CPU.ActiveCfg = Release|Any CPU
		{C298EADD-0C11-47FF-9B9E-B51A635BDB62}.Release|Any CPU.Build.0 = Release|Any CPU
		{AE6A8DD9-4CF6-4432-91A3-297D41D99959}.Debug|Any CPU.ActiveCfg = Debug|Any CPU
		{AE6A8DD9-4CF6-4432-91A3-297D41D99959}.Debug|Any CPU.Build.0 = Debug|Any CPU
		{AE6A8DD9-4CF6-4432-91A3-297D41D99959}.Release|Any CPU.ActiveCfg = Release|Any CPU
		{AE6A8DD9-4CF6-4432-91A3-297D41D99959}.Release|Any CPU.Build.0 = Release|Any CPU
		{F61A2ABA-089C-463D-A556-682DB6C03AB6}.Debug|Any CPU.ActiveCfg = Debug|Any CPU
		{F61A2ABA-089C-463D-A556-682DB6C03AB6}.Debug|Any CPU.Build.0 = Debug|Any CPU
		{F61A2ABA-089C-463D-A556-682DB6C03AB6}.Release|Any CPU.ActiveCfg = Release|Any CPU
		{F61A2ABA-089C-463D-A556-682DB6C03AB6}.Release|Any CPU.Build.0 = Release|Any CPU
		{3B21BC86-BCAC-4FCE-9310-085A7E4136D0}.Debug|Any CPU.ActiveCfg = Debug|Any CPU
		{3B21BC86-BCAC-4FCE-9310-085A7E4136D0}.Debug|Any CPU.Build.0 = Debug|Any CPU
		{3B21BC86-BCAC-4FCE-9310-085A7E4136D0}.Release|Any CPU.ActiveCfg = Release|Any CPU
		{3B21BC86-BCAC-4FCE-9310-085A7E4136D0}.Release|Any CPU.Build.0 = Release|Any CPU
		{8C9B7E39-A953-44ED-8CB3-BF15677DA2BC}.Debug|Any CPU.ActiveCfg = Debug|Any CPU
		{8C9B7E39-A953-44ED-8CB3-BF15677DA2BC}.Debug|Any CPU.Build.0 = Debug|Any CPU
		{8C9B7E39-A953-44ED-8CB3-BF15677DA2BC}.Release|Any CPU.ActiveCfg = Release|Any CPU
		{8C9B7E39-A953-44ED-8CB3-BF15677DA2BC}.Release|Any CPU.Build.0 = Release|Any CPU
		{F55A7C55-23D7-4003-8141-4DA577F1B42B}.Debug|Any CPU.ActiveCfg = Debug|Any CPU
		{F55A7C55-23D7-4003-8141-4DA577F1B42B}.Debug|Any CPU.Build.0 = Debug|Any CPU
		{F55A7C55-23D7-4003-8141-4DA577F1B42B}.Release|Any CPU.ActiveCfg = Release|Any CPU
		{F55A7C55-23D7-4003-8141-4DA577F1B42B}.Release|Any CPU.Build.0 = Release|Any CPU
		{36CCDFE0-4107-470B-989B-AF5DE8201BB2}.Debug|Any CPU.ActiveCfg = Debug|Any CPU
		{36CCDFE0-4107-470B-989B-AF5DE8201BB2}.Debug|Any CPU.Build.0 = Debug|Any CPU
		{36CCDFE0-4107-470B-989B-AF5DE8201BB2}.Release|Any CPU.ActiveCfg = Release|Any CPU
		{36CCDFE0-4107-470B-989B-AF5DE8201BB2}.Release|Any CPU.Build.0 = Release|Any CPU
		{1F62DDD9-F14F-4B96-BDB4-E2246C1DF7E2}.Debug|Any CPU.ActiveCfg = Debug|Any CPU
		{1F62DDD9-F14F-4B96-BDB4-E2246C1DF7E2}.Debug|Any CPU.Build.0 = Debug|Any CPU
		{1F62DDD9-F14F-4B96-BDB4-E2246C1DF7E2}.Release|Any CPU.ActiveCfg = Release|Any CPU
		{1F62DDD9-F14F-4B96-BDB4-E2246C1DF7E2}.Release|Any CPU.Build.0 = Release|Any CPU
		{7E56903A-875F-4527-8C5D-662009F53C27}.Debug|Any CPU.ActiveCfg = Debug|Any CPU
		{7E56903A-875F-4527-8C5D-662009F53C27}.Debug|Any CPU.Build.0 = Debug|Any CPU
		{7E56903A-875F-4527-8C5D-662009F53C27}.Release|Any CPU.ActiveCfg = Release|Any CPU
		{7E56903A-875F-4527-8C5D-662009F53C27}.Release|Any CPU.Build.0 = Release|Any CPU
		{76FAB928-3BC2-41E4-8AE6-E25787BDFC95}.Debug|Any CPU.ActiveCfg = Debug|Any CPU
		{76FAB928-3BC2-41E4-8AE6-E25787BDFC95}.Debug|Any CPU.Build.0 = Debug|Any CPU
		{76FAB928-3BC2-41E4-8AE6-E25787BDFC95}.Release|Any CPU.ActiveCfg = Release|Any CPU
		{76FAB928-3BC2-41E4-8AE6-E25787BDFC95}.Release|Any CPU.Build.0 = Release|Any CPU
		{65C2DE63-18D3-4B8C-8A54-8A470CFEB9BF}.Debug|Any CPU.ActiveCfg = Debug|Any CPU
		{65C2DE63-18D3-4B8C-8A54-8A470CFEB9BF}.Debug|Any CPU.Build.0 = Debug|Any CPU
		{65C2DE63-18D3-4B8C-8A54-8A470CFEB9BF}.Release|Any CPU.ActiveCfg = Release|Any CPU
		{65C2DE63-18D3-4B8C-8A54-8A470CFEB9BF}.Release|Any CPU.Build.0 = Release|Any CPU
		{67DFE916-FED7-42BD-8D36-1CA88D43D18B}.Debug|Any CPU.ActiveCfg = Debug|Any CPU
		{67DFE916-FED7-42BD-8D36-1CA88D43D18B}.Debug|Any CPU.Build.0 = Debug|Any CPU
		{67DFE916-FED7-42BD-8D36-1CA88D43D18B}.Release|Any CPU.ActiveCfg = Release|Any CPU
		{67DFE916-FED7-42BD-8D36-1CA88D43D18B}.Release|Any CPU.Build.0 = Release|Any CPU
		{65223DD0-670F-49B0-A112-486A09FD11CF}.Debug|Any CPU.ActiveCfg = Debug|Any CPU
		{65223DD0-670F-49B0-A112-486A09FD11CF}.Debug|Any CPU.Build.0 = Debug|Any CPU
		{65223DD0-670F-49B0-A112-486A09FD11CF}.Release|Any CPU.ActiveCfg = Release|Any CPU
		{65223DD0-670F-49B0-A112-486A09FD11CF}.Release|Any CPU.Build.0 = Release|Any CPU
		{7FE48D9B-4D0E-4405-B19F-0038368BB52E}.Debug|Any CPU.ActiveCfg = Debug|Any CPU
		{7FE48D9B-4D0E-4405-B19F-0038368BB52E}.Debug|Any CPU.Build.0 = Debug|Any CPU
		{7FE48D9B-4D0E-4405-B19F-0038368BB52E}.Release|Any CPU.ActiveCfg = Release|Any CPU
		{7FE48D9B-4D0E-4405-B19F-0038368BB52E}.Release|Any CPU.Build.0 = Release|Any CPU
		{9D6CB512-7C85-47A8-A928-949C7A029F2C}.Debug|Any CPU.ActiveCfg = Debug|Any CPU
		{9D6CB512-7C85-47A8-A928-949C7A029F2C}.Debug|Any CPU.Build.0 = Debug|Any CPU
		{9D6CB512-7C85-47A8-A928-949C7A029F2C}.Release|Any CPU.ActiveCfg = Release|Any CPU
		{9D6CB512-7C85-47A8-A928-949C7A029F2C}.Release|Any CPU.Build.0 = Release|Any CPU
		{0DBA07F5-FB92-43EC-867D-E91BFB638DD9}.Debug|Any CPU.ActiveCfg = Debug|Any CPU
		{0DBA07F5-FB92-43EC-867D-E91BFB638DD9}.Debug|Any CPU.Build.0 = Debug|Any CPU
		{0DBA07F5-FB92-43EC-867D-E91BFB638DD9}.Release|Any CPU.ActiveCfg = Release|Any CPU
		{0DBA07F5-FB92-43EC-867D-E91BFB638DD9}.Release|Any CPU.Build.0 = Release|Any CPU
		{FF65347A-2B68-48FC-90CC-F9DBC1249FC5}.Debug|Any CPU.ActiveCfg = Debug|Any CPU
		{FF65347A-2B68-48FC-90CC-F9DBC1249FC5}.Debug|Any CPU.Build.0 = Debug|Any CPU
		{FF65347A-2B68-48FC-90CC-F9DBC1249FC5}.Release|Any CPU.ActiveCfg = Release|Any CPU
		{FF65347A-2B68-48FC-90CC-F9DBC1249FC5}.Release|Any CPU.Build.0 = Release|Any CPU
		{A7A49249-2DDD-41F7-B957-8039BACF78EE}.Debug|Any CPU.ActiveCfg = Debug|Any CPU
		{A7A49249-2DDD-41F7-B957-8039BACF78EE}.Debug|Any CPU.Build.0 = Debug|Any CPU
		{A7A49249-2DDD-41F7-B957-8039BACF78EE}.Release|Any CPU.ActiveCfg = Release|Any CPU
		{A7A49249-2DDD-41F7-B957-8039BACF78EE}.Release|Any CPU.Build.0 = Release|Any CPU
		{BDF46A83-C55A-4254-BD4F-8238051C1022}.Debug|Any CPU.ActiveCfg = Debug|Any CPU
		{BDF46A83-C55A-4254-BD4F-8238051C1022}.Debug|Any CPU.Build.0 = Debug|Any CPU
		{BDF46A83-C55A-4254-BD4F-8238051C1022}.Release|Any CPU.ActiveCfg = Release|Any CPU
		{BDF46A83-C55A-4254-BD4F-8238051C1022}.Release|Any CPU.Build.0 = Release|Any CPU
		{FE7201F1-00F1-4069-9807-5A82D84A7907}.Debug|Any CPU.ActiveCfg = Debug|Any CPU
		{FE7201F1-00F1-4069-9807-5A82D84A7907}.Debug|Any CPU.Build.0 = Debug|Any CPU
		{FE7201F1-00F1-4069-9807-5A82D84A7907}.Release|Any CPU.ActiveCfg = Release|Any CPU
		{FE7201F1-00F1-4069-9807-5A82D84A7907}.Release|Any CPU.Build.0 = Release|Any CPU
		{3B4B7E93-03A6-4F4B-985A-E4A3A80676E5}.Debug|Any CPU.ActiveCfg = Debug|Any CPU
		{3B4B7E93-03A6-4F4B-985A-E4A3A80676E5}.Debug|Any CPU.Build.0 = Debug|Any CPU
		{3B4B7E93-03A6-4F4B-985A-E4A3A80676E5}.Release|Any CPU.ActiveCfg = Release|Any CPU
		{3B4B7E93-03A6-4F4B-985A-E4A3A80676E5}.Release|Any CPU.Build.0 = Release|Any CPU
		{54B6A750-E87A-4FFD-B78A-213E0098C0AB}.Debug|Any CPU.ActiveCfg = Debug|Any CPU
		{54B6A750-E87A-4FFD-B78A-213E0098C0AB}.Debug|Any CPU.Build.0 = Debug|Any CPU
		{54B6A750-E87A-4FFD-B78A-213E0098C0AB}.Release|Any CPU.ActiveCfg = Release|Any CPU
		{54B6A750-E87A-4FFD-B78A-213E0098C0AB}.Release|Any CPU.Build.0 = Release|Any CPU
		{250EFCCD-5A17-486C-8729-6E8C14F8DE08}.Debug|Any CPU.ActiveCfg = Debug|Any CPU
		{250EFCCD-5A17-486C-8729-6E8C14F8DE08}.Debug|Any CPU.Build.0 = Debug|Any CPU
		{250EFCCD-5A17-486C-8729-6E8C14F8DE08}.Release|Any CPU.ActiveCfg = Release|Any CPU
		{250EFCCD-5A17-486C-8729-6E8C14F8DE08}.Release|Any CPU.Build.0 = Release|Any CPU
		{876D1774-A0FF-4D0C-A214-A02BCC9A3AD5}.Debug|Any CPU.ActiveCfg = Debug|Any CPU
		{876D1774-A0FF-4D0C-A214-A02BCC9A3AD5}.Debug|Any CPU.Build.0 = Debug|Any CPU
		{876D1774-A0FF-4D0C-A214-A02BCC9A3AD5}.Release|Any CPU.ActiveCfg = Release|Any CPU
		{876D1774-A0FF-4D0C-A214-A02BCC9A3AD5}.Release|Any CPU.Build.0 = Release|Any CPU
		{73E259E8-7A49-4C40-934B-3DC8CD1F9DA5}.Debug|Any CPU.ActiveCfg = Debug|Any CPU
		{73E259E8-7A49-4C40-934B-3DC8CD1F9DA5}.Debug|Any CPU.Build.0 = Debug|Any CPU
		{73E259E8-7A49-4C40-934B-3DC8CD1F9DA5}.Release|Any CPU.ActiveCfg = Release|Any CPU
		{73E259E8-7A49-4C40-934B-3DC8CD1F9DA5}.Release|Any CPU.Build.0 = Release|Any CPU
		{7CABAE2C-DC01-4731-9F62-45E3F80DAE1A}.Debug|Any CPU.ActiveCfg = Debug|Any CPU
		{7CABAE2C-DC01-4731-9F62-45E3F80DAE1A}.Debug|Any CPU.Build.0 = Debug|Any CPU
		{7CABAE2C-DC01-4731-9F62-45E3F80DAE1A}.Release|Any CPU.ActiveCfg = Release|Any CPU
		{7CABAE2C-DC01-4731-9F62-45E3F80DAE1A}.Release|Any CPU.Build.0 = Release|Any CPU
		{6BE68635-F8FF-4AF7-82CB-459EE0C985B7}.Debug|Any CPU.ActiveCfg = Debug|Any CPU
		{6BE68635-F8FF-4AF7-82CB-459EE0C985B7}.Debug|Any CPU.Build.0 = Debug|Any CPU
		{6BE68635-F8FF-4AF7-82CB-459EE0C985B7}.Release|Any CPU.ActiveCfg = Release|Any CPU
		{6BE68635-F8FF-4AF7-82CB-459EE0C985B7}.Release|Any CPU.Build.0 = Release|Any CPU
		{8E15EE2A-67B7-4661-86B7-51A19815F24C}.Debug|Any CPU.ActiveCfg = Debug|Any CPU
		{8E15EE2A-67B7-4661-86B7-51A19815F24C}.Debug|Any CPU.Build.0 = Debug|Any CPU
		{8E15EE2A-67B7-4661-86B7-51A19815F24C}.Release|Any CPU.ActiveCfg = Release|Any CPU
		{8E15EE2A-67B7-4661-86B7-51A19815F24C}.Release|Any CPU.Build.0 = Release|Any CPU
		{88A6A3B6-0AC4-47A5-BE5C-04B833C2BD90}.Debug|Any CPU.ActiveCfg = Debug|Any CPU
		{88A6A3B6-0AC4-47A5-BE5C-04B833C2BD90}.Debug|Any CPU.Build.0 = Debug|Any CPU
		{88A6A3B6-0AC4-47A5-BE5C-04B833C2BD90}.Release|Any CPU.ActiveCfg = Release|Any CPU
		{88A6A3B6-0AC4-47A5-BE5C-04B833C2BD90}.Release|Any CPU.Build.0 = Release|Any CPU
		{8EDD995E-B9BC-4B0F-88E0-111E62DD64FC}.Debug|Any CPU.ActiveCfg = Debug|Any CPU
		{8EDD995E-B9BC-4B0F-88E0-111E62DD64FC}.Debug|Any CPU.Build.0 = Debug|Any CPU
		{8EDD995E-B9BC-4B0F-88E0-111E62DD64FC}.Release|Any CPU.ActiveCfg = Release|Any CPU
		{8EDD995E-B9BC-4B0F-88E0-111E62DD64FC}.Release|Any CPU.Build.0 = Release|Any CPU
		{B17749D1-632A-4ED8-8B2B-1B6D770D580B}.Debug|Any CPU.ActiveCfg = Debug|Any CPU
		{B17749D1-632A-4ED8-8B2B-1B6D770D580B}.Debug|Any CPU.Build.0 = Debug|Any CPU
		{B17749D1-632A-4ED8-8B2B-1B6D770D580B}.Release|Any CPU.ActiveCfg = Release|Any CPU
		{B17749D1-632A-4ED8-8B2B-1B6D770D580B}.Release|Any CPU.Build.0 = Release|Any CPU
		{55409B1D-1C64-4BC0-8A70-21F03AC6B718}.Debug|Any CPU.ActiveCfg = Debug|Any CPU
		{55409B1D-1C64-4BC0-8A70-21F03AC6B718}.Debug|Any CPU.Build.0 = Debug|Any CPU
		{55409B1D-1C64-4BC0-8A70-21F03AC6B718}.Release|Any CPU.ActiveCfg = Release|Any CPU
		{55409B1D-1C64-4BC0-8A70-21F03AC6B718}.Release|Any CPU.Build.0 = Release|Any CPU
		{0F2C5FEE-6594-40C1-A96B-71ACAF2C980D}.Debug|Any CPU.ActiveCfg = Debug|Any CPU
		{0F2C5FEE-6594-40C1-A96B-71ACAF2C980D}.Debug|Any CPU.Build.0 = Debug|Any CPU
		{0F2C5FEE-6594-40C1-A96B-71ACAF2C980D}.Release|Any CPU.ActiveCfg = Release|Any CPU
		{0F2C5FEE-6594-40C1-A96B-71ACAF2C980D}.Release|Any CPU.Build.0 = Release|Any CPU
		{E015C7C2-6EC1-439A-94DC-A4BDD14C0219}.Debug|Any CPU.ActiveCfg = Debug|Any CPU
		{E015C7C2-6EC1-439A-94DC-A4BDD14C0219}.Debug|Any CPU.Build.0 = Debug|Any CPU
		{E015C7C2-6EC1-439A-94DC-A4BDD14C0219}.Release|Any CPU.ActiveCfg = Release|Any CPU
		{E015C7C2-6EC1-439A-94DC-A4BDD14C0219}.Release|Any CPU.Build.0 = Release|Any CPU
		{18B2E93B-379B-4D9D-932A-BF3BC4627C01}.Debug|Any CPU.ActiveCfg = Debug|Any CPU
		{18B2E93B-379B-4D9D-932A-BF3BC4627C01}.Debug|Any CPU.Build.0 = Debug|Any CPU
		{18B2E93B-379B-4D9D-932A-BF3BC4627C01}.Release|Any CPU.ActiveCfg = Release|Any CPU
		{18B2E93B-379B-4D9D-932A-BF3BC4627C01}.Release|Any CPU.Build.0 = Release|Any CPU
		{92C07203-7A73-4522-8F15-320045DB12FF}.Debug|Any CPU.ActiveCfg = Debug|Any CPU
		{92C07203-7A73-4522-8F15-320045DB12FF}.Debug|Any CPU.Build.0 = Debug|Any CPU
		{92C07203-7A73-4522-8F15-320045DB12FF}.Release|Any CPU.ActiveCfg = Release|Any CPU
		{92C07203-7A73-4522-8F15-320045DB12FF}.Release|Any CPU.Build.0 = Release|Any CPU
		{4DDF47C0-F9C8-48C7-9AD5-C93FD438A8C2}.Debug|Any CPU.ActiveCfg = Debug|Any CPU
		{4DDF47C0-F9C8-48C7-9AD5-C93FD438A8C2}.Debug|Any CPU.Build.0 = Debug|Any CPU
		{4DDF47C0-F9C8-48C7-9AD5-C93FD438A8C2}.Release|Any CPU.ActiveCfg = Release|Any CPU
		{4DDF47C0-F9C8-48C7-9AD5-C93FD438A8C2}.Release|Any CPU.Build.0 = Release|Any CPU
	EndGlobalSection
	GlobalSection(SolutionProperties) = preSolution
		HideSolutionNode = FALSE
	EndGlobalSection
	GlobalSection(ExtensibilityGlobals) = postSolution
		SolutionGuid = {0EEF0259-211A-413E-A2E6-DA31960F7CBC}
	EndGlobalSection
EndGlobal
